
Microsoft Visual Studio Solution File, Format Version 12.00
# Visual Studio 15
VisualStudioVersion = 15.0.28307.168
MinimumVisualStudioVersion = 10.0.40219.1
Project("{FAE04EC0-301F-11D3-BF4B-00C04F79EFBC}") = "PartialViewExample", "PartialViewExample\PartialViewExample.csproj", "{1046A6C1-10F6-4B3A-A3B9-CA130024E026}"
EndProject
Global
	GlobalSection(SolutionConfigurationPlatforms) = preSolution
		Debug|Any CPU = Debug|Any CPU
		Release|Any CPU = Release|Any CPU
	EndGlobalSection
	GlobalSection(ProjectConfigurationPlatforms) = postSolution
		{1046A6C1-10F6-4B3A-A3B9-CA130024E026}.Debug|Any CPU.ActiveCfg = Debug|Any CPU
		{1046A6C1-10F6-4B3A-A3B9-CA130024E026}.Debug|Any CPU.Build.0 = Debug|Any CPU
		{1046A6C1-10F6-4B3A-A3B9-CA130024E026}.Release|Any CPU.ActiveCfg = Release|Any CPU
		{1046A6C1-10F6-4B3A-A3B9-CA130024E026}.Release|Any CPU.Build.0 = Release|Any CPU
	EndGlobalSection
	GlobalSection(SolutionProperties) = preSolution
		HideSolutionNode = FALSE
	EndGlobalSection
	GlobalSection(ExtensibilityGlobals) = postSolution
		SolutionGuid = {8EBE3636-B579-4FC8-9AE5-830FCB18624D}
	EndGlobalSection
EndGlobal
